# THIS IS AN AUTOGENERATED FILE. DO NOT EDIT THIS FILE DIRECTLY.
# yarn lockfile v1


bun-types@latest:
  version "1.0.11"
  resolved "https://registry.yarnpkg.com/bun-types/-/bun-types-1.0.11.tgz#065bb5a62c91b381031c5c19b1322378b8143c09"
  integrity sha512-XaDwjnBlkdTOtBEAcXhDnPSKFMlwFK/526z0iyairYIDhZJMzZM1QU4D7XRiEI2SpKQWexn0S/LN9Mwx5xSJNg==
